
Microsoft Visual Studio Solution File, Format Version 12.00
# Visual Studio Version 16
VisualStudioVersion = 16.0.28803.452
MinimumVisualStudioVersion = 10.0.40219.1
Project("{FAE04EC0-301F-11D3-BF4B-00C04F79EFBC}") = "TesteCSharp", "TesteResource\TesteCSharp.csproj", "{391E4656-181E-49F9-BF79-72B1BD71EAAF}"
EndProject
Project("{FAE04EC0-301F-11D3-BF4B-00C04F79EFBC}") = "TesteCrawler", "TesteCrawler\TesteCrawler.csproj", "{C35F4418-8B4D-4C0F-A331-668BE9AEE566}"
EndProject
Global
	GlobalSection(SolutionConfigurationPlatforms) = preSolution
		Debug|Any CPU = Debug|Any CPU
		Release|Any CPU = Release|Any CPU
	EndGlobalSection
	GlobalSection(ProjectConfigurationPlatforms) = postSolution
		{391E4656-181E-49F9-BF79-72B1BD71EAAF}.Debug|Any CPU.ActiveCfg = Debug|Any CPU
		{391E4656-181E-49F9-BF79-72B1BD71EAAF}.Debug|Any CPU.Build.0 = Debug|Any CPU
		{391E4656-181E-49F9-BF79-72B1BD71EAAF}.Release|Any CPU.ActiveCfg = Release|Any CPU
		{391E4656-181E-49F9-BF79-72B1BD71EAAF}.Release|Any CPU.Build.0 = Release|Any CPU
		{C35F4418-8B4D-4C0F-A331-668BE9AEE566}.Debug|Any CPU.ActiveCfg = Debug|Any CPU
		{C35F4418-8B4D-4C0F-A331-668BE9AEE566}.Debug|Any CPU.Build.0 = Debug|Any CPU
		{C35F4418-8B4D-4C0F-A331-668BE9AEE566}.Release|Any CPU.ActiveCfg = Release|Any CPU
		{C35F4418-8B4D-4C0F-A331-668BE9AEE566}.Release|Any CPU.Build.0 = Release|Any CPU
	EndGlobalSection
	GlobalSection(SolutionProperties) = preSolution
		HideSolutionNode = FALSE
	EndGlobalSection
	GlobalSection(ExtensibilityGlobals) = postSolution
		SolutionGuid = {B2DA678F-F21A-47FB-9F32-49888571ED93}
	EndGlobalSection
EndGlobal
